
Microsoft Visual Studio Solution File, Format Version 12.00
# Visual Studio Version 17
VisualStudioVersion = 17.8.34525.116
MinimumVisualStudioVersion = 10.0.40219.1
Project("{9A19103F-16F7-4668-BE54-9A1E7A4F7556}") = "Customers.Api", "Customers.Api\Customers.Api.csproj", "{61CF03AF-3B88-459C-A69E-DCDCAB4989BC}"
EndProject
Project("{9A19103F-16F7-4668-BE54-9A1E7A4F7556}") = "Customers.Api.Tests", "Customers.Api.Tests\Customers.Api.Tests.csproj", "{FE4DD7BB-092B-454A-9399-BF638C52D4BC}"
EndProject
Global
	GlobalSection(SolutionConfigurationPlatforms) = preSolution
		Debug|Any CPU = Debug|Any CPU
		Release|Any CPU = Release|Any CPU
	EndGlobalSection
	GlobalSection(ProjectConfigurationPlatforms) = postSolution
		{61CF03AF-3B88-459C-A69E-DCDCAB4989BC}.Debug|Any CPU.ActiveCfg = Debug|Any CPU
		{61CF03AF-3B88-459C-A69E-DCDCAB4989BC}.Debug|Any CPU.Build.0 = Debug|Any CPU
		{61CF03AF-3B88-459C-A69E-DCDCAB4989BC}.Release|Any CPU.ActiveCfg = Release|Any CPU
		{61CF03AF-3B88-459C-A69E-DCDCAB4989BC}.Release|Any CPU.Build.0 = Release|Any CPU
		{FE4DD7BB-092B-454A-9399-BF638C52D4BC}.Debug|Any CPU.ActiveCfg = Debug|Any CPU
		{FE4DD7BB-092B-454A-9399-BF638C52D4BC}.Debug|Any CPU.Build.0 = Debug|Any CPU
		{FE4DD7BB-092B-454A-9399-BF638C52D4BC}.Release|Any CPU.ActiveCfg = Release|Any CPU
		{FE4DD7BB-092B-454A-9399-BF638C52D4BC}.Release|Any CPU.Build.0 = Release|Any CPU
	EndGlobalSection
	GlobalSection(SolutionProperties) = preSolution
		HideSolutionNode = FALSE
	EndGlobalSection
	GlobalSection(ExtensibilityGlobals) = postSolution
		SolutionGuid = {A6D1435A-2BF0-474F-AC82-347B55484628}
	EndGlobalSection
EndGlobal
